
Microsoft Visual Studio Solution File, Format Version 12.00
# Visual Studio Version 17
VisualStudioVersion = 17.6.33801.468
MinimumVisualStudioVersion = 10.0.40219.1
Project("{9A19103F-16F7-4668-BE54-9A1E7A4F7556}") = "DataAccess", "DataAccess\DataAccess.csproj", "{7BCA78FC-6729-495D-92E1-831730F90F99}"
EndProject
Project("{9A19103F-16F7-4668-BE54-9A1E7A4F7556}") = "Entity", "Entity\Entity.csproj", "{DFB5F1B5-FAED-4227-B5E2-159BA3077122}"
EndProject
Project("{FAE04EC0-301F-11D3-BF4B-00C04F79EFBC}") = "StartConsoleApp", "StartConsoleApp\StartConsoleApp.csproj", "{FE8E5B60-2948-46C4-9BCC-7B039F23F4E1}"
EndProject
Project("{FAE04EC0-301F-11D3-BF4B-00C04F79EFBC}") = "Benchmark.ConsoleApp", "Benchmark.ConsoleApp\Benchmark.ConsoleApp.csproj", "{787A67C9-BA2B-4938-BA96-FC22C16DEE3F}"
EndProject
Global
	GlobalSection(SolutionConfigurationPlatforms) = preSolution
		Debug|Any CPU = Debug|Any CPU
		Release|Any CPU = Release|Any CPU
	EndGlobalSection
	GlobalSection(ProjectConfigurationPlatforms) = postSolution
		{7BCA78FC-6729-495D-92E1-831730F90F99}.Debug|Any CPU.ActiveCfg = Debug|Any CPU
		{7BCA78FC-6729-495D-92E1-831730F90F99}.Debug|Any CPU.Build.0 = Debug|Any CPU
		{7BCA78FC-6729-495D-92E1-831730F90F99}.Release|Any CPU.ActiveCfg = Release|Any CPU
		{7BCA78FC-6729-495D-92E1-831730F90F99}.Release|Any CPU.Build.0 = Release|Any CPU
		{DFB5F1B5-FAED-4227-B5E2-159BA3077122}.Debug|Any CPU.ActiveCfg = Debug|Any CPU
		{DFB5F1B5-FAED-4227-B5E2-159BA3077122}.Debug|Any CPU.Build.0 = Debug|Any CPU
		{DFB5F1B5-FAED-4227-B5E2-159BA3077122}.Release|Any CPU.ActiveCfg = Release|Any CPU
		{DFB5F1B5-FAED-4227-B5E2-159BA3077122}.Release|Any CPU.Build.0 = Release|Any CPU
		{FE8E5B60-2948-46C4-9BCC-7B039F23F4E1}.Debug|Any CPU.ActiveCfg = Debug|Any CPU
		{FE8E5B60-2948-46C4-9BCC-7B039F23F4E1}.Debug|Any CPU.Build.0 = Debug|Any CPU
		{FE8E5B60-2948-46C4-9BCC-7B039F23F4E1}.Release|Any CPU.ActiveCfg = Release|Any CPU
		{FE8E5B60-2948-46C4-9BCC-7B039F23F4E1}.Release|Any CPU.Build.0 = Release|Any CPU
		{787A67C9-BA2B-4938-BA96-FC22C16DEE3F}.Debug|Any CPU.ActiveCfg = Debug|Any CPU
		{787A67C9-BA2B-4938-BA96-FC22C16DEE3F}.Debug|Any CPU.Build.0 = Debug|Any CPU
		{787A67C9-BA2B-4938-BA96-FC22C16DEE3F}.Release|Any CPU.ActiveCfg = Release|Any CPU
		{787A67C9-BA2B-4938-BA96-FC22C16DEE3F}.Release|Any CPU.Build.0 = Release|Any CPU
	EndGlobalSection
	GlobalSection(SolutionProperties) = preSolution
		HideSolutionNode = FALSE
	EndGlobalSection
	GlobalSection(ExtensibilityGlobals) = postSolution
		SolutionGuid = {A3017605-76DE-4011-860D-8AC56A3184EA}
	EndGlobalSection
EndGlobal
